{
  "component": "egdf_serialization_system",
  "version": "1.0.0",
  "test_vectors": [
    {
      "name": "simple_predicate",
      "egif": "*x (Human x)",
      "expected_structure": {
        "vertices": 1,
        "edges": 1,
        "cuts": 0
      },
      "description": "Basic predicate - core functionality"
    },
    {
      "name": "nested_cut",
      "egif": "*x (Human x) ~[ (Mortal x) ]",
      "expected_structure": {
        "vertices": 1,
        "edges": 2,
        "cuts": 1
      },
      "description": "Nested cut - negation handling"
    },
    {
      "name": "isolated_vertices",
      "egif": "[*x] [*y] (Knows x y)",
      "expected_structure": {
        "vertices": 2,
        "edges": 1,
        "cuts": 0
      },
      "description": "Isolated vertices - critical edge case"
    },
    {
      "name": "double_negation",
      "egif": "~[~[(happy *x)]]",
      "expected_structure": {
        "vertices": 1,
        "edges": 1,
        "cuts": 2
      },
      "description": "Double negation - complex nesting"
    }
  ],
  "baseline_hashes": {
    "dau_yaml_results": "08f0a918312cfe9f",
    "egdf_parser_results": "b5b9ee2c6fdda17b"
  },
  "created_at": 1755705022.6931689,
  "lock_signature": "7b05cb10dd7d465778766ece1207801d"
}