{
  "version": "1.0.0",
  "created_at": 1755876992.8271391,
  "test_vectors": [
    {
      "name": "simple_predicate",
      "egif_input": "*x (Human x)",
      "expected_structure": {
        "vertices": 1,
        "edges": 1,
        "cuts": 0
      },
      "critical_properties": {
        "has_vertices": true,
        "has_edges": true,
        "has_cuts": false,
        "vertex_count": 1,
        "edge_count": 1
      }
    },
    {
      "name": "nested_cut",
      "egif_input": "*x (Human x) ~[ (Mortal x) ]",
      "expected_structure": {
        "vertices": 1,
        "edges": 2,
        "cuts": 1
      },
      "critical_properties": {
        "has_vertices": true,
        "has_edges": true,
        "has_cuts": true,
        "vertex_count": 1,
        "edge_count": 2,
        "cut_count": 1
      }
    },
    {
      "name": "isolated_vertices",
      "egif_input": "[*x] [*y] (Knows x y)",
      "expected_structure": {
        "vertices": 2,
        "edges": 1,
        "cuts": 0
      },
      "critical_properties": {
        "has_vertices": true,
        "has_edges": true,
        "has_cuts": false,
        "vertex_count": 2,
        "edge_count": 1,
        "supports_isolated_vertices": true
      }
    }
  ],
  "validation_results": {
    "simple_predicate": {
      "dau_yaml": {
        "success": true,
        "round_trip_success": true,
        "conversion_time": 0.0023207664489746094
      },
      "egdf_parser": {
        "success": true,
        "original_structure": {
          "vertices": 1,
          "edges": 1,
          "cuts": 0
        },
        "roundtrip_structure": {
          "vertices": 1,
          "edges": 1,
          "cuts": 0
        },
        "json_size": 2594,
        "yaml_size": 2576,
        "spatial_primitives": 2
      },
      "overall_success": true
    },
    "nested_cut": {
      "dau_yaml": {
        "success": true,
        "round_trip_success": true,
        "conversion_time": 0.002502918243408203
      },
      "egdf_parser": {
        "success": true,
        "original_structure": {
          "vertices": 1,
          "edges": 2,
          "cuts": 1
        },
        "roundtrip_structure": {
          "vertices": 1,
          "edges": 2,
          "cuts": 1
        },
        "json_size": 3418,
        "yaml_size": 3059,
        "spatial_primitives": 4
      },
      "overall_success": true
    },
    "isolated_vertices": {
      "dau_yaml": {
        "success": true,
        "round_trip_success": true,
        "conversion_time": 0.0022220611572265625
      },
      "egdf_parser": {
        "success": true,
        "original_structure": {
          "vertices": 2,
          "edges": 1,
          "cuts": 0
        },
        "roundtrip_structure": {
          "vertices": 2,
          "edges": 1,
          "cuts": 0
        },
        "json_size": 2994,
        "yaml_size": 2820,
        "spatial_primitives": 3
      },
      "overall_success": true
    }
  },
  "success_count": 3,
  "total_count": 3
}